# THIS IS AN AUTOGENERATED FILE. DO NOT EDIT THIS FILE DIRECTLY.
# yarn lockfile v1


markdown-it-task-checkbox@^1.0.6:
  version "1.0.6"
  resolved "https://registry.yarnpkg.com/markdown-it-task-checkbox/-/markdown-it-task-checkbox-1.0.6.tgz#9ebd7b6382e99162264605bc580f2ac118be4242"
  integrity sha512-7pxkHuvqTOu3iwVGmDPeYjQg+AIS9VQxzyLP9JCg9lBjgPAJXGEkChK6A2iFuj3tS0GV3HG2u5AMNhcQqwxpJw==
